
Microsoft Visual Studio Solution File, Format Version 12.00
# Visual Studio Version 17
VisualStudioVersion = 17.13.35825.156 d17.13
MinimumVisualStudioVersion = 10.0.40219.1
Project("{2150E333-8FDC-42A3-9474-1A3956D46DE8}") = "src", "src", "{02EA681E-C7D8-13C7-8484-4AC65E1B71E8}"
EndProject
Project("{FAE04EC0-301F-11D3-BF4B-00C04F79EFBC}") = "Joseco.Secrets.Contrats", "src\Joseco.Secrets.Contrats\Joseco.Secrets.Contrats.csproj", "{B7AA7987-F99E-49CD-AD80-56ECCCBE1E38}"
EndProject
Project("{FAE04EC0-301F-11D3-BF4B-00C04F79EFBC}") = "Joseco.Secrets.HashicorpVault", "src\Joseco.Secrets.HashicorpVault\Joseco.Secrets.HashicorpVault.csproj", "{A13DC92B-2AB2-4A8F-B99B-1448285491C9}"
EndProject
Project("{FAE04EC0-301F-11D3-BF4B-00C04F79EFBC}") = "TestApp", "src\TestApp\TestApp.csproj", "{CD175DAE-0795-48C3-859E-A26F62F55E87}"
EndProject
Global
	GlobalSection(SolutionConfigurationPlatforms) = preSolution
		Debug|Any CPU = Debug|Any CPU
		Release|Any CPU = Release|Any CPU
	EndGlobalSection
	GlobalSection(ProjectConfigurationPlatforms) = postSolution
		{B7AA7987-F99E-49CD-AD80-56ECCCBE1E38}.Debug|Any CPU.ActiveCfg = Debug|Any CPU
		{B7AA7987-F99E-49CD-AD80-56ECCCBE1E38}.Debug|Any CPU.Build.0 = Debug|Any CPU
		{B7AA7987-F99E-49CD-AD80-56ECCCBE1E38}.Release|Any CPU.ActiveCfg = Release|Any CPU
		{B7AA7987-F99E-49CD-AD80-56ECCCBE1E38}.Release|Any CPU.Build.0 = Release|Any CPU
		{A13DC92B-2AB2-4A8F-B99B-1448285491C9}.Debug|Any CPU.ActiveCfg = Debug|Any CPU
		{A13DC92B-2AB2-4A8F-B99B-1448285491C9}.Debug|Any CPU.Build.0 = Debug|Any CPU
		{A13DC92B-2AB2-4A8F-B99B-1448285491C9}.Release|Any CPU.ActiveCfg = Release|Any CPU
		{A13DC92B-2AB2-4A8F-B99B-1448285491C9}.Release|Any CPU.Build.0 = Release|Any CPU
		{CD175DAE-0795-48C3-859E-A26F62F55E87}.Debug|Any CPU.ActiveCfg = Debug|Any CPU
		{CD175DAE-0795-48C3-859E-A26F62F55E87}.Debug|Any CPU.Build.0 = Debug|Any CPU
		{CD175DAE-0795-48C3-859E-A26F62F55E87}.Release|Any CPU.ActiveCfg = Release|Any CPU
		{CD175DAE-0795-48C3-859E-A26F62F55E87}.Release|Any CPU.Build.0 = Release|Any CPU
	EndGlobalSection
	GlobalSection(SolutionProperties) = preSolution
		HideSolutionNode = FALSE
	EndGlobalSection
	GlobalSection(NestedProjects) = preSolution
		{B7AA7987-F99E-49CD-AD80-56ECCCBE1E38} = {02EA681E-C7D8-13C7-8484-4AC65E1B71E8}
		{A13DC92B-2AB2-4A8F-B99B-1448285491C9} = {02EA681E-C7D8-13C7-8484-4AC65E1B71E8}
		{CD175DAE-0795-48C3-859E-A26F62F55E87} = {02EA681E-C7D8-13C7-8484-4AC65E1B71E8}
	EndGlobalSection
	GlobalSection(ExtensibilityGlobals) = postSolution
		SolutionGuid = {E8BC1BC5-EF57-453A-A7A0-F659801E618B}
	EndGlobalSection
EndGlobal
